
Microsoft Visual Studio Solution File, Format Version 12.00
# Visual Studio 15
VisualStudioVersion = 15.0.26124.0
MinimumVisualStudioVersion = 15.0.26124.0
Project("{9A19103F-16F7-4668-BE54-9A1E7A4F7556}") = "MinCut.ConsoleApp", "MinCut.ConsoleApp\MinCut.ConsoleApp.csproj", "{DF6D0E01-6A2D-457F-85F5-78357D7F9E70}"
EndProject
Project("{9A19103F-16F7-4668-BE54-9A1E7A4F7556}") = "MinCut.Test", "MinCut.Test\MinCut.Test.csproj", "{4FE95076-E3C8-4388-87A9-9B748E8BF1DB}"
EndProject
Global
	GlobalSection(SolutionConfigurationPlatforms) = preSolution
		Debug|Any CPU = Debug|Any CPU
		Debug|x64 = Debug|x64
		Debug|x86 = Debug|x86
		Release|Any CPU = Release|Any CPU
		Release|x64 = Release|x64
		Release|x86 = Release|x86
	EndGlobalSection
	GlobalSection(ProjectConfigurationPlatforms) = postSolution
		{DF6D0E01-6A2D-457F-85F5-78357D7F9E70}.Debug|Any CPU.ActiveCfg = Debug|Any CPU
		{DF6D0E01-6A2D-457F-85F5-78357D7F9E70}.Debug|Any CPU.Build.0 = Debug|Any CPU
		{DF6D0E01-6A2D-457F-85F5-78357D7F9E70}.Debug|x64.ActiveCfg = Debug|Any CPU
		{DF6D0E01-6A2D-457F-85F5-78357D7F9E70}.Debug|x64.Build.0 = Debug|Any CPU
		{DF6D0E01-6A2D-457F-85F5-78357D7F9E70}.Debug|x86.ActiveCfg = Debug|Any CPU
		{DF6D0E01-6A2D-457F-85F5-78357D7F9E70}.Debug|x86.Build.0 = Debug|Any CPU
		{DF6D0E01-6A2D-457F-85F5-78357D7F9E70}.Release|Any CPU.ActiveCfg = Release|Any CPU
		{DF6D0E01-6A2D-457F-85F5-78357D7F9E70}.Release|Any CPU.Build.0 = Release|Any CPU
		{DF6D0E01-6A2D-457F-85F5-78357D7F9E70}.Release|x64.ActiveCfg = Release|Any CPU
		{DF6D0E01-6A2D-457F-85F5-78357D7F9E70}.Release|x64.Build.0 = Release|Any CPU
		{DF6D0E01-6A2D-457F-85F5-78357D7F9E70}.Release|x86.ActiveCfg = Release|Any CPU
		{DF6D0E01-6A2D-457F-85F5-78357D7F9E70}.Release|x86.Build.0 = Release|Any CPU
		{4FE95076-E3C8-4388-87A9-9B748E8BF1DB}.Debug|Any CPU.ActiveCfg = Debug|Any CPU
		{4FE95076-E3C8-4388-87A9-9B748E8BF1DB}.Debug|Any CPU.Build.0 = Debug|Any CPU
		{4FE95076-E3C8-4388-87A9-9B748E8BF1DB}.Debug|x64.ActiveCfg = Debug|Any CPU
		{4FE95076-E3C8-4388-87A9-9B748E8BF1DB}.Debug|x64.Build.0 = Debug|Any CPU
		{4FE95076-E3C8-4388-87A9-9B748E8BF1DB}.Debug|x86.ActiveCfg = Debug|Any CPU
		{4FE95076-E3C8-4388-87A9-9B748E8BF1DB}.Debug|x86.Build.0 = Debug|Any CPU
		{4FE95076-E3C8-4388-87A9-9B748E8BF1DB}.Release|Any CPU.ActiveCfg = Release|Any CPU
		{4FE95076-E3C8-4388-87A9-9B748E8BF1DB}.Release|Any CPU.Build.0 = Release|Any CPU
		{4FE95076-E3C8-4388-87A9-9B748E8BF1DB}.Release|x64.ActiveCfg = Release|Any CPU
		{4FE95076-E3C8-4388-87A9-9B748E8BF1DB}.Release|x64.Build.0 = Release|Any CPU
		{4FE95076-E3C8-4388-87A9-9B748E8BF1DB}.Release|x86.ActiveCfg = Release|Any CPU
		{4FE95076-E3C8-4388-87A9-9B748E8BF1DB}.Release|x86.Build.0 = Release|Any CPU
	EndGlobalSection
	GlobalSection(SolutionProperties) = preSolution
		HideSolutionNode = FALSE
	EndGlobalSection
	GlobalSection(ExtensibilityGlobals) = postSolution
		SolutionGuid = {D5922599-A203-489F-8086-E1EF702BCB8B}
	EndGlobalSection
EndGlobal
